
Microsoft Visual Studio Solution File, Format Version 12.00
# Visual Studio Version 16
VisualStudioVersion = 16.0.29924.181
MinimumVisualStudioVersion = 10.0.40219.1
Project("{9A19103F-16F7-4668-BE54-9A1E7A4F7556}") = "MainDesktopUI", "MainDesktopUI\MainDesktopUI.csproj", "{B092637D-D950-4CBE-96C3-76FE6B05E166}"
EndProject
Project("{9A19103F-16F7-4668-BE54-9A1E7A4F7556}") = "Core", "Core\Core.csproj", "{D1EAED07-D936-4BA5-87FB-1A44C97BA53F}"
EndProject
Project("{9A19103F-16F7-4668-BE54-9A1E7A4F7556}") = "Core.Interfaces", "Core.Interfaces\Core.Interfaces.csproj", "{BC79235E-44F7-460D-BA6F-8CD67D0C7F24}"
EndProject
Project("{9A19103F-16F7-4668-BE54-9A1E7A4F7556}") = "DatabaseManager", "DatabaseManager\DatabaseManager.csproj", "{A37C4908-D55C-4805-BB5A-AFFB62892464}"
EndProject
Project("{9A19103F-16F7-4668-BE54-9A1E7A4F7556}") = "DatabaseManager.Interfaces", "DatabaseManager.Interfaces\DatabaseManager.Interfaces.csproj", "{3F8B6C87-8BEF-4D8B-92A2-6B92AAE241D8}"
EndProject
Project("{9A19103F-16F7-4668-BE54-9A1E7A4F7556}") = "Domain", "Domain\Domain.csproj", "{E058644E-5718-4836-ADFC-B9CE9B8890DA}"
EndProject
Project("{2150E333-8FDC-42A3-9474-1A3956D46DE8}") = "02_Services", "02_Services", "{F7D5B30F-5F23-4373-AECC-0EA75D4D325E}"
EndProject
Project("{2150E333-8FDC-42A3-9474-1A3956D46DE8}") = "01_Repositories", "01_Repositories", "{E8862CC2-2AF1-410D-8411-A813228F21F0}"
EndProject
Project("{2150E333-8FDC-42A3-9474-1A3956D46DE8}") = "03_DatabaseClasses", "03_DatabaseClasses", "{F9670C07-6EE8-493C-871F-B5BCAAF62747}"
EndProject
Project("{2150E333-8FDC-42A3-9474-1A3956D46DE8}") = "04_MainApp", "04_MainApp", "{9EE7CCEE-0160-4EB0-A90E-A411B58AE89E}"
EndProject
Project("{2150E333-8FDC-42A3-9474-1A3956D46DE8}") = "Solution Items", "Solution Items", "{468A0C28-C5FD-4F92-826B-AABE401E943B}"
	ProjectSection(SolutionItems) = preProject
		README.md = README.md
	EndProjectSection
EndProject
Global
	GlobalSection(SolutionConfigurationPlatforms) = preSolution
		Debug|Any CPU = Debug|Any CPU
		Debug|x64 = Debug|x64
		Debug|x86 = Debug|x86
		Release|Any CPU = Release|Any CPU
		Release|x64 = Release|x64
		Release|x86 = Release|x86
	EndGlobalSection
	GlobalSection(ProjectConfigurationPlatforms) = postSolution
		{B092637D-D950-4CBE-96C3-76FE6B05E166}.Debug|Any CPU.ActiveCfg = Debug|Any CPU
		{B092637D-D950-4CBE-96C3-76FE6B05E166}.Debug|Any CPU.Build.0 = Debug|Any CPU
		{B092637D-D950-4CBE-96C3-76FE6B05E166}.Debug|x64.ActiveCfg = Debug|x64
		{B092637D-D950-4CBE-96C3-76FE6B05E166}.Debug|x64.Build.0 = Debug|x64
		{B092637D-D950-4CBE-96C3-76FE6B05E166}.Debug|x86.ActiveCfg = Debug|Any CPU
		{B092637D-D950-4CBE-96C3-76FE6B05E166}.Debug|x86.Build.0 = Debug|Any CPU
		{B092637D-D950-4CBE-96C3-76FE6B05E166}.Release|Any CPU.ActiveCfg = Release|Any CPU
		{B092637D-D950-4CBE-96C3-76FE6B05E166}.Release|Any CPU.Build.0 = Release|Any CPU
		{B092637D-D950-4CBE-96C3-76FE6B05E166}.Release|x64.ActiveCfg = Release|x64
		{B092637D-D950-4CBE-96C3-76FE6B05E166}.Release|x64.Build.0 = Release|x64
		{B092637D-D950-4CBE-96C3-76FE6B05E166}.Release|x86.ActiveCfg = Release|Any CPU
		{B092637D-D950-4CBE-96C3-76FE6B05E166}.Release|x86.Build.0 = Release|Any CPU
		{D1EAED07-D936-4BA5-87FB-1A44C97BA53F}.Debug|Any CPU.ActiveCfg = Debug|Any CPU
		{D1EAED07-D936-4BA5-87FB-1A44C97BA53F}.Debug|Any CPU.Build.0 = Debug|Any CPU
		{D1EAED07-D936-4BA5-87FB-1A44C97BA53F}.Debug|x64.ActiveCfg = Debug|x64
		{D1EAED07-D936-4BA5-87FB-1A44C97BA53F}.Debug|x64.Build.0 = Debug|x64
		{D1EAED07-D936-4BA5-87FB-1A44C97BA53F}.Debug|x86.ActiveCfg = Debug|x86
		{D1EAED07-D936-4BA5-87FB-1A44C97BA53F}.Debug|x86.Build.0 = Debug|x86
		{D1EAED07-D936-4BA5-87FB-1A44C97BA53F}.Release|Any CPU.ActiveCfg = Release|Any CPU
		{D1EAED07-D936-4BA5-87FB-1A44C97BA53F}.Release|Any CPU.Build.0 = Release|Any CPU
		{D1EAED07-D936-4BA5-87FB-1A44C97BA53F}.Release|x64.ActiveCfg = Release|x64
		{D1EAED07-D936-4BA5-87FB-1A44C97BA53F}.Release|x64.Build.0 = Release|x64
		{D1EAED07-D936-4BA5-87FB-1A44C97BA53F}.Release|x86.ActiveCfg = Release|x86
		{D1EAED07-D936-4BA5-87FB-1A44C97BA53F}.Release|x86.Build.0 = Release|x86
		{BC79235E-44F7-460D-BA6F-8CD67D0C7F24}.Debug|Any CPU.ActiveCfg = Debug|Any CPU
		{BC79235E-44F7-460D-BA6F-8CD67D0C7F24}.Debug|Any CPU.Build.0 = Debug|Any CPU
		{BC79235E-44F7-460D-BA6F-8CD67D0C7F24}.Debug|x64.ActiveCfg = Debug|x64
		{BC79235E-44F7-460D-BA6F-8CD67D0C7F24}.Debug|x64.Build.0 = Debug|x64
		{BC79235E-44F7-460D-BA6F-8CD67D0C7F24}.Debug|x86.ActiveCfg = Debug|x86
		{BC79235E-44F7-460D-BA6F-8CD67D0C7F24}.Debug|x86.Build.0 = Debug|x86
		{BC79235E-44F7-460D-BA6F-8CD67D0C7F24}.Release|Any CPU.ActiveCfg = Release|Any CPU
		{BC79235E-44F7-460D-BA6F-8CD67D0C7F24}.Release|Any CPU.Build.0 = Release|Any CPU
		{BC79235E-44F7-460D-BA6F-8CD67D0C7F24}.Release|x64.ActiveCfg = Release|x64
		{BC79235E-44F7-460D-BA6F-8CD67D0C7F24}.Release|x64.Build.0 = Release|x64
		{BC79235E-44F7-460D-BA6F-8CD67D0C7F24}.Release|x86.ActiveCfg = Release|x86
		{BC79235E-44F7-460D-BA6F-8CD67D0C7F24}.Release|x86.Build.0 = Release|x86
		{A37C4908-D55C-4805-BB5A-AFFB62892464}.Debug|Any CPU.ActiveCfg = Debug|Any CPU
		{A37C4908-D55C-4805-BB5A-AFFB62892464}.Debug|Any CPU.Build.0 = Debug|Any CPU
		{A37C4908-D55C-4805-BB5A-AFFB62892464}.Debug|x64.ActiveCfg = Debug|x64
		{A37C4908-D55C-4805-BB5A-AFFB62892464}.Debug|x64.Build.0 = Debug|x64
		{A37C4908-D55C-4805-BB5A-AFFB62892464}.Debug|x86.ActiveCfg = Debug|x86
		{A37C4908-D55C-4805-BB5A-AFFB62892464}.Debug|x86.Build.0 = Debug|x86
		{A37C4908-D55C-4805-BB5A-AFFB62892464}.Release|Any CPU.ActiveCfg = Release|Any CPU
		{A37C4908-D55C-4805-BB5A-AFFB62892464}.Release|Any CPU.Build.0 = Release|Any CPU
		{A37C4908-D55C-4805-BB5A-AFFB62892464}.Release|x64.ActiveCfg = Release|x64
		{A37C4908-D55C-4805-BB5A-AFFB62892464}.Release|x64.Build.0 = Release|x64
		{A37C4908-D55C-4805-BB5A-AFFB62892464}.Release|x86.ActiveCfg = Release|x86
		{A37C4908-D55C-4805-BB5A-AFFB62892464}.Release|x86.Build.0 = Release|x86
		{3F8B6C87-8BEF-4D8B-92A2-6B92AAE241D8}.Debug|Any CPU.ActiveCfg = Debug|Any CPU
		{3F8B6C87-8BEF-4D8B-92A2-6B92AAE241D8}.Debug|Any CPU.Build.0 = Debug|Any CPU
		{3F8B6C87-8BEF-4D8B-92A2-6B92AAE241D8}.Debug|x64.ActiveCfg = Debug|x64
		{3F8B6C87-8BEF-4D8B-92A2-6B92AAE241D8}.Debug|x64.Build.0 = Debug|x64
		{3F8B6C87-8BEF-4D8B-92A2-6B92AAE241D8}.Debug|x86.ActiveCfg = Debug|x86
		{3F8B6C87-8BEF-4D8B-92A2-6B92AAE241D8}.Debug|x86.Build.0 = Debug|x86
		{3F8B6C87-8BEF-4D8B-92A2-6B92AAE241D8}.Release|Any CPU.ActiveCfg = Release|Any CPU
		{3F8B6C87-8BEF-4D8B-92A2-6B92AAE241D8}.Release|Any CPU.Build.0 = Release|Any CPU
		{3F8B6C87-8BEF-4D8B-92A2-6B92AAE241D8}.Release|x64.ActiveCfg = Release|x64
		{3F8B6C87-8BEF-4D8B-92A2-6B92AAE241D8}.Release|x64.Build.0 = Release|x64
		{3F8B6C87-8BEF-4D8B-92A2-6B92AAE241D8}.Release|x86.ActiveCfg = Release|x86
		{3F8B6C87-8BEF-4D8B-92A2-6B92AAE241D8}.Release|x86.Build.0 = Release|x86
		{E058644E-5718-4836-ADFC-B9CE9B8890DA}.Debug|Any CPU.ActiveCfg = Debug|Any CPU
		{E058644E-5718-4836-ADFC-B9CE9B8890DA}.Debug|Any CPU.Build.0 = Debug|Any CPU
		{E058644E-5718-4836-ADFC-B9CE9B8890DA}.Debug|x64.ActiveCfg = Debug|x64
		{E058644E-5718-4836-ADFC-B9CE9B8890DA}.Debug|x64.Build.0 = Debug|x64
		{E058644E-5718-4836-ADFC-B9CE9B8890DA}.Debug|x86.ActiveCfg = Debug|x86
		{E058644E-5718-4836-ADFC-B9CE9B8890DA}.Debug|x86.Build.0 = Debug|x86
		{E058644E-5718-4836-ADFC-B9CE9B8890DA}.Release|Any CPU.ActiveCfg = Release|Any CPU
		{E058644E-5718-4836-ADFC-B9CE9B8890DA}.Release|Any CPU.Build.0 = Release|Any CPU
		{E058644E-5718-4836-ADFC-B9CE9B8890DA}.Release|x64.ActiveCfg = Release|x64
		{E058644E-5718-4836-ADFC-B9CE9B8890DA}.Release|x64.Build.0 = Release|x64
		{E058644E-5718-4836-ADFC-B9CE9B8890DA}.Release|x86.ActiveCfg = Release|x86
		{E058644E-5718-4836-ADFC-B9CE9B8890DA}.Release|x86.Build.0 = Release|x86
	EndGlobalSection
	GlobalSection(SolutionProperties) = preSolution
		HideSolutionNode = FALSE
	EndGlobalSection
	GlobalSection(NestedProjects) = preSolution
		{B092637D-D950-4CBE-96C3-76FE6B05E166} = {9EE7CCEE-0160-4EB0-A90E-A411B58AE89E}
		{D1EAED07-D936-4BA5-87FB-1A44C97BA53F} = {F7D5B30F-5F23-4373-AECC-0EA75D4D325E}
		{BC79235E-44F7-460D-BA6F-8CD67D0C7F24} = {F7D5B30F-5F23-4373-AECC-0EA75D4D325E}
		{A37C4908-D55C-4805-BB5A-AFFB62892464} = {E8862CC2-2AF1-410D-8411-A813228F21F0}
		{3F8B6C87-8BEF-4D8B-92A2-6B92AAE241D8} = {E8862CC2-2AF1-410D-8411-A813228F21F0}
		{E058644E-5718-4836-ADFC-B9CE9B8890DA} = {F9670C07-6EE8-493C-871F-B5BCAAF62747}
	EndGlobalSection
	GlobalSection(ExtensibilityGlobals) = postSolution
		SolutionGuid = {E6DD0F4D-2C05-40C6-B71C-1C42A97C7718}
	EndGlobalSection
EndGlobal
